// !$*UTF8*$!
{
	archiveVersion = 1;
	classes = {
	};
	objectVersion = 50;
	objects = {

/* Begin PBXBuildFile section */
		F11542E22148FB730055D20C /* AppDelegate.swift in Sources */ = {isa = PBXBuildFile; fileRef = F11542E12148FB730055D20C /* AppDelegate.swift */; };
		F11542E42148FB730055D20C /* ViewController.swift in Sources */ = {isa = PBXBuildFile; fileRef = F11542E32148FB730055D20C /* ViewController.swift */; };
		F11542E72148FB730055D20C /* Main.storyboard in Resources */ = {isa = PBXBuildFile; fileRef = F11542E52148FB730055D20C /* Main.storyboard */; };
		F11542EA2148FB730055D20C /* HitList.xcdatamodeld in Sources */ = {isa = PBXBuildFile; fileRef = F11542E82148FB730055D20C /* HitList.xcdatamodeld */; };
		F11542EC2148FB820055D20C /* Assets.xcassets in Resources */ = {isa = PBXBuildFile; fileRef = F11542EB2148FB820055D20C /* Assets.xcassets */; };
		F11542EF2148FB820055D20C /* LaunchScreen.storyboard in Resources */ = {isa = PBXBuildFile; fileRef = F11542ED2148FB820055D20C /* LaunchScreen.storyboard */; };
		F11542FA2148FB820055D20C /* HitListTests.swift in Sources */ = {isa = PBXBuildFile; fileRef = F11542F92148FB820055D20C /* HitListTests.swift */; };
/* End PBXBuildFile section */

/* Begin PBXContainerItemProxy section */
		F11542F62148FB820055D20C /* PBXContainerItemProxy */ = {
			isa = PBXContainerItemProxy;
			containerPortal = F11542D62148FB720055D20C /* Project object */;
			proxyType = 1;
			remoteGlobalIDString = F11542DD2148FB720055D20C;
			remoteInfo = HitList;
		};
/* End PBXContainerItemProxy section */

/* Begin PBXFileReference section */
		F11542DE2148FB720055D20C /* HitList.app */ = {isa = PBXFileReference; explicitFileType = wrapper.application; includeInIndex = 0; path = HitList.app; sourceTree = BUILT_PRODUCTS_DIR; };
		F11542E12148FB730055D20C /* AppDelegate.swift */ = {isa = PBXFileReference; lastKnownFileType = sourcecode.swift; path = AppDelegate.swift; sourceTree = "<group>"; };
		F11542E32148FB730055D20C /* ViewController.swift */ = {isa = PBXFileReference; lastKnownFileType = sourcecode.swift; path = ViewController.swift; sourceTree = "<group>"; };
		F11542E62148FB730055D20C /* Base */ = {isa = PBXFileReference; lastKnownFileType = file.storyboard; name = Base; path = Base.lproj/Main.storyboard; sourceTree = "<group>"; };
		F11542E92148FB730055D20C /* HitList.xcdatamodel */ = {isa = PBXFileReference; lastKnownFileType = wrapper.xcdatamodel; path = HitList.xcdatamodel; sourceTree = "<group>"; };
		F11542EB2148FB820055D20C /* Assets.xcassets */ = {isa = PBXFileReference; lastKnownFileType = folder.assetcatalog; path = Assets.xcassets; sourceTree = "<group>"; };
		F11542EE2148FB820055D20C /* Base */ = {isa = PBXFileReference; lastKnownFileType = file.storyboard; name = Base; path = Base.lproj/LaunchScreen.storyboard; sourceTree = "<group>"; };
		F11542F02148FB820055D20C /* Info.plist */ = {isa = PBXFileReference; lastKnownFileType = text.plist.xml; path = Info.plist; sourceTree = "<group>"; };
		F11542F52148FB820055D20C /* HitListTests.xctest */ = {isa = PBXFileReference; explicitFileType = wrapper.cfbundle; includeInIndex = 0; path = HitListTests.xctest; sourceTree = BUILT_PRODUCTS_DIR; };
		F11542F92148FB820055D20C /* HitListTests.swift */ = {isa = PBXFileReference; lastKnownFileType = sourcecode.swift; path = HitListTests.swift; sourceTree = "<group>"; };
		F11542FB2148FB820055D20C /* Info.plist */ = {isa = PBXFileReference; lastKnownFileType = text.plist.xml; path = Info.plist; sourceTree = "<group>"; };
/* End PBXFileReference section */

/* Begin PBXFrameworksBuildPhase section */
		F11542DB2148FB720055D20C /* Frameworks */ = {
			isa = PBXFrameworksBuildPhase;
			buildActionMask = 2147483647;
			files = (
			);
			runOnlyForDeploymentPostprocessing = 0;
		};
		F11542F22148FB820055D20C /* Frameworks */ = {
			isa = PBXFrameworksBuildPhase;
			buildActionMask = 2147483647;
			files = (
			);
			runOnlyForDeploymentPostprocessing = 0;
		};
/* End PBXFrameworksBuildPhase section */

/* Begin PBXGroup section */
		F11542D52148FB720055D20C = {
			isa = PBXGroup;
			children = (
				F11542E02148FB720055D20C /* HitList */,
				F11542F82148FB820055D20C /* HitListTests */,
				F11542DF2148FB720055D20C /* Products */,
			);
			sourceTree = "<group>";
		};
		F11542DF2148FB720055D20C /* Products */ = {
			isa = PBXGroup;
			children = (
				F11542DE2148FB720055D20C /* HitList.app */,
				F11542F52148FB820055D20C /* HitListTests.xctest */,
			);
			name = Products;
			sourceTree = "<group>";
		};
		F11542E02148FB720055D20C /* HitList */ = {
			isa = PBXGroup;
			children = (
				F11542E12148FB730055D20C /* AppDelegate.swift */,
				F11542E32148FB730055D20C /* ViewController.swift */,
				F11542E52148FB730055D20C /* Main.storyboard */,
				F11542EB2148FB820055D20C /* Assets.xcassets */,
				F11542ED2148FB820055D20C /* LaunchScreen.storyboard */,
				F11542F02148FB820055D20C /* Info.plist */,
				F11542E82148FB730055D20C /* HitList.xcdatamodeld */,
			);
			path = HitList;
			sourceTree = "<group>";
		};
		F11542F82148FB820055D20C /* HitListTests */ = {
			isa = PBXGroup;
			children = (
				F11542F92148FB820055D20C /* HitListTests.swift */,
				F11542FB2148FB820055D20C /* Info.plist */,
			);
			path = HitListTests;
			sourceTree = "<group>";
		};
/* End PBXGroup section */

/* Begin PBXNativeTarget section */
		F11542DD2148FB720055D20C /* HitList */ = {
			isa = PBXNativeTarget;
			buildConfigurationList = F11542FE2148FB820055D20C /* Build configuration list for PBXNativeTarget "HitList" */;
			buildPhases = (
				F11542DA2148FB720055D20C /* Sources */,
				F11542DB2148FB720055D20C /* Frameworks */,
				F11542DC2148FB720055D20C /* Resources */,
			);
			buildRules = (
			);
			dependencies = (
			);
			name = HitList;
			productName = HitList;
			productReference = F11542DE2148FB720055D20C /* HitList.app */;
			productType = "com.apple.product-type.application";
		};
		F11542F42148FB820055D20C /* HitListTests */ = {
			isa = PBXNativeTarget;
			buildConfigurationList = F11543012148FB820055D20C /* Build configuration list for PBXNativeTarget "HitListTests" */;
			buildPhases = (
				F11542F12148FB820055D20C /* Sources */,
				F11542F22148FB820055D20C /* Frameworks */,
				F11542F32148FB820055D20C /* Resources */,
			);
			buildRules = (
			);
			dependencies = (
				F11542F72148FB820055D20C /* PBXTargetDependency */,
			);
			name = HitListTests;
			productName = HitListTests;
			productReference = F11542F52148FB820055D20C /* HitListTests.xctest */;
			productType = "com.apple.product-type.bundle.unit-test";
		};
/* End PBXNativeTarget section */

/* Begin PBXProject section */
		F11542D62148FB720055D20C /* Project object */ = {
			isa = PBXProject;
			attributes = {
				LastSwiftUpdateCheck = 0940;
				LastUpgradeCheck = 0940;
				ORGANIZATIONNAME = "Deo Kalule";
				TargetAttributes = {
					F11542DD2148FB720055D20C = {
						CreatedOnToolsVersion = 9.4.1;
					};
					F11542F42148FB820055D20C = {
						CreatedOnToolsVersion = 9.4.1;
						TestTargetID = F11542DD2148FB720055D20C;
					};
				};
			};
			buildConfigurationList = F11542D92148FB720055D20C /* Build configuration list for PBXProject "HitList" */;
			compatibilityVersion = "Xcode 9.3";
			developmentRegion = en;
			hasScannedForEncodings = 0;
			knownRegions = (
				en,
				Base,
			);
			mainGroup = F11542D52148FB720055D20C;
			productRefGroup = F11542DF2148FB720055D20C /* Products */;
			projectDirPath = "";
			projectRoot = "";
			targets = (
				F11542DD2148FB720055D20C /* HitList */,
				F11542F42148FB820055D20C /* HitListTests */,
			);
		};
/* End PBXProject section */

/* Begin PBXResourcesBuildPhase section */
		F11542DC2148FB720055D20C /* Resources */ = {
			isa = PBXResourcesBuildPhase;
			buildActionMask = 2147483647;
			files = (
				F11542EF2148FB820055D20C /* LaunchScreen.storyboard in Resources */,
				F11542EC2148FB820055D20C /* Assets.xcassets in Resources */,
				F11542E72148FB730055D20C /* Main.storyboard in Resources */,
			);
			runOnlyForDeploymentPostprocessing = 0;
		};
		F11542F32148FB820055D20C /* Resources */ = {
			isa = PBXResourcesBuildPhase;
			buildActionMask = 2147483647;
			files = (
			);
			runOnlyForDeploymentPostprocessing = 0;
		};
/* End PBXResourcesBuildPhase section */

/* Begin PBXSourcesBuildPhase section */
		F11542DA2148FB720055D20C /* Sources */ = {
			isa = PBXSourcesBuildPhase;
			buildActionMask = 2147483647;
			files = (
				F11542EA2148FB730055D20C /* HitList.xcdatamodeld in Sources */,
				F11542E42148FB730055D20C /* ViewController.swift in Sources */,
				F11542E22148FB730055D20C /* AppDelegate.swift in Sources */,
			);
			runOnlyForDeploymentPostprocessing = 0;
		};
		F11542F12148FB820055D20C /* Sources */ = {
			isa = PBXSourcesBuildPhase;
			buildActionMask = 2147483647;
			files = (
				F11542FA2148FB820055D20C /* HitListTests.swift in Sources */,
			);
			runOnlyForDeploymentPostprocessing = 0;
		};
/* End PBXSourcesBuildPhase section */

/* Begin PBXTargetDependency section */
		F11542F72148FB820055D20C /* PBXTargetDependency */ = {
			isa = PBXTargetDependency;
			target = F11542DD2148FB720055D20C /* HitList */;
			targetProxy = F11542F62148FB820055D20C /* PBXContainerItemProxy */;
		};
/* End PBXTargetDependency section */

/* Begin PBXVariantGroup section */
		F11542E52148FB730055D20C /* Main.storyboard */ = {
			isa = PBXVariantGroup;
			children = (
				F11542E62148FB730055D20C /* Base */,
			);
			name = Main.storyboard;
			sourceTree = "<group>";
		};
		F11542ED2148FB820055D20C /* LaunchScreen.storyboard */ = {
			isa = PBXVariantGroup;
			children = (
				F11542EE2148FB820055D20C /* Base */,
			);
			name = LaunchScreen.storyboard;
			sourceTree = "<group>";
		};
/* End PBXVariantGroup section */

/* Begin XCBuildConfiguration section */
		F11542FC2148FB820055D20C /* Debug */ = {
			isa = XCBuildConfiguration;
			buildSettings = {
				ALWAYS_SEARCH_USER_PATHS = NO;
				CLANG_ANALYZER_NONNULL = YES;
				CLANG_ANALYZER_NUMBER_OBJECT_CONVERSION = YES_AGGRESSIVE;
				CLANG_CXX_LANGUAGE_STANDARD = "gnu++14";
				CLANG_CXX_LIBRARY = "libc++";
				CLANG_ENABLE_MODULES = YES;
				CLANG_ENABLE_OBJC_ARC = YES;
				CLANG_ENABLE_OBJC_WEAK = YES;
				CLANG_WARN_BLOCK_CAPTURE_AUTORELEASING = YES;
				CLANG_WARN_BOOL_CONVERSION = YES;
				CLANG_WARN_COMMA = YES;
				CLANG_WARN_CONSTANT_CONVERSION = YES;
				CLANG_WARN_DEPRECATED_OBJC_IMPLEMENTATIONS = YES;
				CLANG_WARN_DIRECT_OBJC_ISA_USAGE = YES_ERROR;
				CLANG_WARN_DOCUMENTATION_COMMENTS = YES;
				CLANG_WARN_EMPTY_BODY = YES;
				CLANG_WARN_ENUM_CONVERSION = YES;
				CLANG_WARN_INFINITE_RECURSION = YES;
				CLANG_WARN_INT_CONVERSION = YES;
				CLANG_WARN_NON_LITERAL_NULL_CONVERSION = YES;
				CLANG_WARN_OBJC_IMPLICIT_RETAIN_SELF = YES;
				CLANG_WARN_OBJC_LITERAL_CONVERSION = YES;
				CLANG_WARN_OBJC_ROOT_CLASS = YES_ERROR;
				CLANG_WARN_RANGE_LOOP_ANALYSIS = YES;
				CLANG_WARN_STRICT_PROTOTYPES = YES;
				CLANG_WARN_SUSPICIOUS_MOVE = YES;
				CLANG_WARN_UNGUARDED_AVAILABILITY = YES_AGGRESSIVE;
				CLANG_WARN_UNREACHABLE_CODE = YES;
				CLANG_WARN__DUPLICATE_METHOD_MATCH = YES;
				CODE_SIGN_IDENTITY = "iPhone Developer";
				COPY_PHASE_STRIP = NO;
				DEBUG_INFORMATION_FORMAT = dwarf;
				ENABLE_STRICT_OBJC_MSGSEND = YES;
				ENABLE_TESTABILITY = YES;
				GCC_C_LANGUAGE_STANDARD = gnu11;
				GCC_DYNAMIC_NO_PIC = NO;
				GCC_NO_COMMON_BLOCKS = YES;
				GCC_OPTIMIZATION_LEVEL = 0;
				GCC_PREPROCESSOR_DEFINITIONS = (
					"DEBUG=1",
					"$(inherited)",
				);
				GCC_WARN_64_TO_32_BIT_CONVERSION = YES;
				GCC_WARN_ABOUT_RETURN_TYPE = YES_ERROR;
				GCC_WARN_UNDECLARED_SELECTOR = YES;
				GCC_WARN_UNINITIALIZED_AUTOS = YES_AGGRESSIVE;
				GCC_WARN_UNUSED_FUNCTION = YES;
				GCC_WARN_UNUSED_VARIABLE = YES;
				IPHONEOS_DEPLOYMENT_TARGET = 11.4;
				MTL_ENABLE_DEBUG_INFO = YES;
				ONLY_ACTIVE_ARCH = YES;
				SDKROOT = iphoneos;
				SWIFT_ACTIVE_COMPILATION_CONDITIONS = DEBUG;
				SWIFT_OPTIMIZATION_LEVEL = "-Onone";
			};
			name = Debug;
		};
		F11542FD2148FB820055D20C /* Release */ = {
			isa = XCBuildConfiguration;
			buildSettings = {
				ALWAYS_SEARCH_USER_PATHS = NO;
				CLANG_ANALYZER_NONNULL = YES;
				CLANG_ANALYZER_NUMBER_OBJECT_CONVERSION = YES_AGGRESSIVE;
				CLANG_CXX_LANGUAGE_STANDARD = "gnu++14";
				CLANG_CXX_LIBRARY = "libc++";
				CLANG_ENABLE_MODULES = YES;
				CLANG_ENABLE_OBJC_ARC = YES;
				CLANG_ENABLE_OBJC_WEAK = YES;
				CLANG_WARN_BLOCK_CAPTURE_AUTORELEASING = YES;
				CLANG_WARN_BOOL_CONVERSION = YES;
				CLANG_WARN_COMMA = YES;
				CLANG_WARN_CONSTANT_CONVERSION = YES;
				CLANG_WARN_DEPRECATED_OBJC_IMPLEMENTATIONS = YES;
				CLANG_WARN_DIRECT_OBJC_ISA_USAGE = YES_ERROR;
				CLANG_WARN_DOCUMENTATION_COMMENTS = YES;
				CLANG_WARN_EMPTY_BODY = YES;
				CLANG_WARN_ENUM_CONVERSION = YES;
				CLANG_WARN_INFINITE_RECURSION = YES;
				CLANG_WARN_INT_CONVERSION = YES;
				CLANG_WARN_NON_LITERAL_NULL_CONVERSION = YES;
				CLANG_WARN_OBJC_IMPLICIT_RETAIN_SELF = YES;
				CLANG_WARN_OBJC_LITERAL_CONVERSION = YES;
				CLANG_WARN_OBJC_ROOT_CLASS = YES_ERROR;
				CLANG_WARN_RANGE_LOOP_ANALYSIS = YES;
				CLANG_WARN_STRICT_PROTOTYPES = YES;
				CLANG_WARN_SUSPICIOUS_MOVE = YES;
				CLANG_WARN_UNGUARDED_AVAILABILITY = YES_AGGRESSIVE;
				CLANG_WARN_UNREACHABLE_CODE = YES;
				CLANG_WARN__DUPLICATE_METHOD_MATCH = YES;
				CODE_SIGN_IDENTITY = "iPhone Developer";
				COPY_PHASE_STRIP = NO;
				DEBUG_INFORMATION_FORMAT = "dwarf-with-dsym";
				ENABLE_NS_ASSERTIONS = NO;
				ENABLE_STRICT_OBJC_MSGSEND = YES;
				GCC_C_LANGUAGE_STANDARD = gnu11;
				GCC_NO_COMMON_BLOCKS = YES;
				GCC_WARN_64_TO_32_BIT_CONVERSION = YES;
				GCC_WARN_ABOUT_RETURN_TYPE = YES_ERROR;
				GCC_WARN_UNDECLARED_SELECTOR = YES;
				GCC_WARN_UNINITIALIZED_AUTOS = YES_AGGRESSIVE;
				GCC_WARN_UNUSED_FUNCTION = YES;
				GCC_WARN_UNUSED_VARIABLE = YES;
				IPHONEOS_DEPLOYMENT_TARGET = 11.4;
				MTL_ENABLE_DEBUG_INFO = NO;
				SDKROOT = iphoneos;
				SWIFT_COMPILATION_MODE = wholemodule;
				SWIFT_OPTIMIZATION_LEVEL = "-O";
				VALIDATE_PRODUCT = YES;
			};
			name = Release;
		};
		F11542FF2148FB820055D20C /* Debug */ = {
			isa = XCBuildConfiguration;
			buildSettings = {
				ASSETCATALOG_COMPILER_APPICON_NAME = AppIcon;
				CODE_SIGN_STYLE = Automatic;
				INFOPLIST_FILE = HitList/Info.plist;
				LD_RUNPATH_SEARCH_PATHS = (
					"$(inherited)",
					"@executable_path/Frameworks",
				);
				PRODUCT_BUNDLE_IDENTIFIER = com.lerning.HitList;
				PRODUCT_NAME = "$(TARGET_NAME)";
				SWIFT_VERSION = 4.0;
				TARGETED_DEVICE_FAMILY = "1,2";
			};
			name = Debug;
		};
		F11543002148FB820055D20C /* Release */ = {
			isa = XCBuildConfiguration;
			buildSettings = {
				ASSETCATALOG_COMPILER_APPICON_NAME = AppIcon;
				CODE_SIGN_STYLE = Automatic;
				INFOPLIST_FILE = HitList/Info.plist;
				LD_RUNPATH_SEARCH_PATHS = (
					"$(inherited)",
					"@executable_path/Frameworks",
				);
				PRODUCT_BUNDLE_IDENTIFIER = com.lerning.HitList;
				PRODUCT_NAME = "$(TARGET_NAME)";
				SWIFT_VERSION = 4.0;
				TARGETED_DEVICE_FAMILY = "1,2";
			};
			name = Release;
		};
		F11543022148FB820055D20C /* Debug */ = {
			isa = XCBuildConfiguration;
			buildSettings = {
				ALWAYS_EMBED_SWIFT_STANDARD_LIBRARIES = YES;
				BUNDLE_LOADER = "$(TEST_HOST)";
				CODE_SIGN_STYLE = Automatic;
				INFOPLIST_FILE = HitListTests/Info.plist;
				LD_RUNPATH_SEARCH_PATHS = (
					"$(inherited)",
					"@executable_path/Frameworks",
					"@loader_path/Frameworks",
				);
				PRODUCT_BUNDLE_IDENTIFIER = com.lerning.HitListTests;
				PRODUCT_NAME = "$(TARGET_NAME)";
				SWIFT_VERSION = 4.0;
				TARGETED_DEVICE_FAMILY = "1,2";
				TEST_HOST = "$(BUILT_PRODUCTS_DIR)/HitList.app/HitList";
			};
			name = Debug;
		};
		F11543032148FB820055D20C /* Release */ = {
			isa = XCBuildConfiguration;
			buildSettings = {
				ALWAYS_EMBED_SWIFT_STANDARD_LIBRARIES = YES;
				BUNDLE_LOADER = "$(TEST_HOST)";
				CODE_SIGN_STYLE = Automatic;
				INFOPLIST_FILE = HitListTests/Info.plist;
				LD_RUNPATH_SEARCH_PATHS = (
					"$(inherited)",
					"@executable_path/Frameworks",
					"@loader_path/Frameworks",
				);
				PRODUCT_BUNDLE_IDENTIFIER = com.lerning.HitListTests;
				PRODUCT_NAME = "$(TARGET_NAME)";
				SWIFT_VERSION = 4.0;
				TARGETED_DEVICE_FAMILY = "1,2";
				TEST_HOST = "$(BUILT_PRODUCTS_DIR)/HitList.app/HitList";
			};
			name = Release;
		};
/* End XCBuildConfiguration section */

/* Begin XCConfigurationList section */
		F11542D92148FB720055D20C /* Build configuration list for PBXProject "HitList" */ = {
			isa = XCConfigurationList;
			buildConfigurations = (
				F11542FC2148FB820055D20C /* Debug */,
				F11542FD2148FB820055D20C /* Release */,
			);
			defaultConfigurationIsVisible = 0;
			defaultConfigurationName = Release;
		};
		F11542FE2148FB820055D20C /* Build configuration list for PBXNativeTarget "HitList" */ = {
			isa = XCConfigurationList;
			buildConfigurations = (
				F11542FF2148FB820055D20C /* Debug */,
				F11543002148FB820055D20C /* Release */,
			);
			defaultConfigurationIsVisible = 0;
			defaultConfigurationName = Release;
		};
		F11543012148FB820055D20C /* Build configuration list for PBXNativeTarget "HitListTests" */ = {
			isa = XCConfigurationList;
			buildConfigurations = (
				F11543022148FB820055D20C /* Debug */,
				F11543032148FB820055D20C /* Release */,
			);
			defaultConfigurationIsVisible = 0;
			defaultConfigurationName = Release;
		};
/* End XCConfigurationList section */

/* Begin XCVersionGroup section */
		F11542E82148FB730055D20C /* HitList.xcdatamodeld */ = {
			isa = XCVersionGroup;
			children = (
				F11542E92148FB730055D20C /* HitList.xcdatamodel */,
			);
			currentVersion = F11542E92148FB730055D20C /* HitList.xcdatamodel */;
			path = HitList.xcdatamodeld;
			sourceTree = "<group>";
			versionGroupType = wrapper.xcdatamodel;
		};
/* End XCVersionGroup section */
	};
	rootObject = F11542D62148FB720055D20C /* Project object */;
}
